
Microsoft Visual Studio Solution File, Format Version 12.00
# Visual Studio Version 17
VisualStudioVersion = 17.3.32922.545
MinimumVisualStudioVersion = 10.0.40219.1
Project("{FAE04EC0-301F-11D3-BF4B-00C04F79EFBC}") = "BussinessLayer", "BussinessLayer\BussinessLayer.csproj", "{2A35C59C-6137-40A9-8D40-D43FE5A6E749}"
EndProject
Project("{FAE04EC0-301F-11D3-BF4B-00C04F79EFBC}") = "KhachSan", "KhachSan\KhachSan.csproj", "{8A83977B-F202-442E-BE43-69C039C5D749}"
EndProject
Global
	GlobalSection(SolutionConfigurationPlatforms) = preSolution
		Debug|Any CPU = Debug|Any CPU
		Release|Any CPU = Release|Any CPU
	EndGlobalSection
	GlobalSection(ProjectConfigurationPlatforms) = postSolution
		{2A35C59C-6137-40A9-8D40-D43FE5A6E749}.Debug|Any CPU.ActiveCfg = Debug|Any CPU
		{2A35C59C-6137-40A9-8D40-D43FE5A6E749}.Debug|Any CPU.Build.0 = Debug|Any CPU
		{2A35C59C-6137-40A9-8D40-D43FE5A6E749}.Release|Any CPU.ActiveCfg = Release|Any CPU
		{2A35C59C-6137-40A9-8D40-D43FE5A6E749}.Release|Any CPU.Build.0 = Release|Any CPU
		{8A83977B-F202-442E-BE43-69C039C5D749}.Debug|Any CPU.ActiveCfg = Debug|Any CPU
		{8A83977B-F202-442E-BE43-69C039C5D749}.Debug|Any CPU.Build.0 = Debug|Any CPU
		{8A83977B-F202-442E-BE43-69C039C5D749}.Release|Any CPU.ActiveCfg = Release|Any CPU
		{8A83977B-F202-442E-BE43-69C039C5D749}.Release|Any CPU.Build.0 = Release|Any CPU
	EndGlobalSection
	GlobalSection(SolutionProperties) = preSolution
		HideSolutionNode = FALSE
	EndGlobalSection
	GlobalSection(ExtensibilityGlobals) = postSolution
		SolutionGuid = {2532647D-7A7F-475A-94DE-826B87953988}
	EndGlobalSection
EndGlobal
